
Microsoft Visual Studio Solution File, Format Version 12.00
Project("{FAE04EC0-301F-11D3-BF4B-00C04F79EFBC}") = "Maple2.PacketLib", "Maple2.PacketLib\Maple2.PacketLib.csproj", "{79460545-477B-4F86-98CF-C48F34F4173B}"
EndProject
Project("{FAE04EC0-301F-11D3-BF4B-00C04F79EFBC}") = "MapleShark2", "MapleShark2\MapleShark2.csproj", "{ACA24AA6-868C-434E-9F0B-35F954361FE6}"
EndProject
Global
	GlobalSection(SolutionConfigurationPlatforms) = preSolution
		Debug|Any CPU = Debug|Any CPU
		Release|Any CPU = Release|Any CPU
	EndGlobalSection
	GlobalSection(ProjectConfigurationPlatforms) = postSolution
		{ACA24AA6-868C-434E-9F0B-35F954361FE6}.Debug|Any CPU.ActiveCfg = Debug|Any CPU
		{ACA24AA6-868C-434E-9F0B-35F954361FE6}.Debug|Any CPU.Build.0 = Debug|Any CPU
		{ACA24AA6-868C-434E-9F0B-35F954361FE6}.Release|Any CPU.ActiveCfg = Release|Any CPU
		{ACA24AA6-868C-434E-9F0B-35F954361FE6}.Release|Any CPU.Build.0 = Release|Any CPU
		{79460545-477B-4F86-98CF-C48F34F4173B}.Debug|Any CPU.ActiveCfg = Debug|Any CPU
		{79460545-477B-4F86-98CF-C48F34F4173B}.Debug|Any CPU.Build.0 = Debug|Any CPU
		{79460545-477B-4F86-98CF-C48F34F4173B}.Release|Any CPU.ActiveCfg = Release|Any CPU
		{79460545-477B-4F86-98CF-C48F34F4173B}.Release|Any CPU.Build.0 = Release|Any CPU
	EndGlobalSection
EndGlobal
